
Microsoft Visual Studio Solution File, Format Version 12.00
# Visual Studio Version 16
VisualStudioVersion = 16.0.30011.22
MinimumVisualStudioVersion = 10.0.40219.1
Project("{FAE04EC0-301F-11D3-BF4B-00C04F79EFBC}") = "FunCo", "FunCo\FunCo.csproj", "{B95B690D-70DF-473C-A4BD-1C7593A59848}"
EndProject
Global
	GlobalSection(SolutionConfigurationPlatforms) = preSolution
		Debug|Any CPU = Debug|Any CPU
		Release|Any CPU = Release|Any CPU
	EndGlobalSection
	GlobalSection(ProjectConfigurationPlatforms) = postSolution
		{B95B690D-70DF-473C-A4BD-1C7593A59848}.Debug|Any CPU.ActiveCfg = Debug|Any CPU
		{B95B690D-70DF-473C-A4BD-1C7593A59848}.Debug|Any CPU.Build.0 = Debug|Any CPU
		{B95B690D-70DF-473C-A4BD-1C7593A59848}.Release|Any CPU.ActiveCfg = Release|Any CPU
		{B95B690D-70DF-473C-A4BD-1C7593A59848}.Release|Any CPU.Build.0 = Release|Any CPU
	EndGlobalSection
	GlobalSection(SolutionProperties) = preSolution
		HideSolutionNode = FALSE
	EndGlobalSection
	GlobalSection(ExtensibilityGlobals) = postSolution
		SolutionGuid = {744AC8EB-EDB1-4AD7-B586-2F1512801932}
	EndGlobalSection
EndGlobal
